# This file was autogenerated by uv via the following command:
#    uv pip compile pyproject.toml -o requirements.lock
aeventkit==2.1.0
    # via ib-async
aiohappyeyeballs==2.6.1
    # via aiohttp
aiohttp==3.13.5
    # via
    #   argus (pyproject.toml)
    #   databento
aiosignal==1.4.0
    # via aiohttp
aiosqlite==0.22.1
    # via argus (pyproject.toml)
alpaca-py==0.43.2
    # via argus (pyproject.toml)
annotated-doc==0.0.4
    # via fastapi
annotated-types==0.7.0
    # via pydantic
anyio==4.13.0
    # via
    #   starlette
    #   watchfiles
attrs==26.1.0
    # via aiohttp
bcrypt==5.0.0
    # via argus (pyproject.toml)
beautifulsoup4==4.14.3
    # via yfinance
certifi==2026.4.22
    # via
    #   curl-cffi
    #   requests
cffi==2.0.0
    # via curl-cffi
charset-normalizer==3.4.7
    # via requests
click==8.3.3
    # via uvicorn
curl-cffi==0.15.0
    # via yfinance
databento==0.75.0
    # via argus (pyproject.toml)
databento-dbn==0.53.0
    # via databento
duckdb==1.5.2
    # via argus (pyproject.toml)
fastapi==0.136.1
    # via argus (pyproject.toml)
frozendict==2.4.7
    # via yfinance
frozenlist==1.8.0
    # via
    #   aiohttp
    #   aiosignal
h11==0.16.0
    # via uvicorn
httptools==0.7.1
    # via uvicorn
ib-async==2.1.0
    # via argus (pyproject.toml)
idna==3.13
    # via
    #   anyio
    #   requests
    #   yarl
markdown-it-py==4.0.0
    # via rich
mdurl==0.1.2
    # via markdown-it-py
msgpack==1.1.2
    # via alpaca-py
multidict==6.7.1
    # via
    #   aiohttp
    #   yarl
multitasking==0.0.13
    # via yfinance
nest-asyncio==1.6.0
    # via ib-async
numpy==2.4.4
    # via
    #   aeventkit
    #   databento
    #   pandas
    #   yfinance
pandas==2.3.3
    # via
    #   argus (pyproject.toml)
    #   alpaca-py
    #   databento
    #   yfinance
peewee==4.0.4
    # via yfinance
platformdirs==4.9.6
    # via yfinance
propcache==0.4.1
    # via
    #   aiohttp
    #   yarl
protobuf==7.34.1
    # via yfinance
pyarrow==18.1.0
    # via
    #   argus (pyproject.toml)
    #   databento
pycparser==3.0
    # via cffi
pydantic==2.13.3
    # via
    #   argus (pyproject.toml)
    #   alpaca-py
    #   fastapi
pydantic-core==2.46.3
    # via pydantic
pygments==2.20.0
    # via rich
pyjwt==2.12.1
    # via argus (pyproject.toml)
python-dateutil==2.9.0.post0
    # via pandas
python-dotenv==1.2.2
    # via
    #   argus (pyproject.toml)
    #   uvicorn
python-ulid==3.1.0
    # via argus (pyproject.toml)
pytz==2026.1.post1
    # via
    #   pandas
    #   yfinance
pyyaml==6.0.3
    # via
    #   argus (pyproject.toml)
    #   uvicorn
requests==2.33.1
    # via
    #   alpaca-py
    #   databento
    #   yfinance
rich==15.0.0
    # via curl-cffi
six==1.17.0
    # via python-dateutil
soupsieve==2.8.3
    # via beautifulsoup4
sseclient-py==1.9.0
    # via alpaca-py
starlette==1.0.0
    # via fastapi
typing-extensions==4.15.0
    # via
    #   aiosignal
    #   anyio
    #   beautifulsoup4
    #   fastapi
    #   pydantic
    #   pydantic-core
    #   starlette
    #   typing-inspection
typing-inspection==0.4.2
    # via
    #   fastapi
    #   pydantic
tzdata==2025.3
    # via
    #   ib-async
    #   pandas
urllib3==2.6.3
    # via requests
uvicorn==0.46.0
    # via argus (pyproject.toml)
uvloop==0.22.1
    # via uvicorn
watchfiles==1.1.1
    # via uvicorn
websockets==16.0
    # via
    #   alpaca-py
    #   uvicorn
    #   yfinance
yarl==1.23.0
    # via aiohttp
yfinance==0.2.66
    # via argus (pyproject.toml)
zstandard==0.25.0
    # via databento
